
Microsoft Visual Studio Solution File, Format Version 12.00
# Visual Studio Version 16
VisualStudioVersion = 16.0.30011.22
MinimumVisualStudioVersion = 10.0.40219.1
Project("{FAE04EC0-301F-11D3-BF4B-00C04F79EFBC}") = "01_Task", "01_Task.csproj", "{B5011DA3-FD1B-4DD3-8E96-B79811161701}"
EndProject
Global
	GlobalSection(SolutionConfigurationPlatforms) = preSolution
		Debug|Any CPU = Debug|Any CPU
		Release|Any CPU = Release|Any CPU
	EndGlobalSection
	GlobalSection(ProjectConfigurationPlatforms) = postSolution
		{B5011DA3-FD1B-4DD3-8E96-B79811161701}.Debug|Any CPU.ActiveCfg = Debug|Any CPU
		{B5011DA3-FD1B-4DD3-8E96-B79811161701}.Debug|Any CPU.Build.0 = Debug|Any CPU
		{B5011DA3-FD1B-4DD3-8E96-B79811161701}.Release|Any CPU.ActiveCfg = Release|Any CPU
		{B5011DA3-FD1B-4DD3-8E96-B79811161701}.Release|Any CPU.Build.0 = Release|Any CPU
	EndGlobalSection
	GlobalSection(SolutionProperties) = preSolution
		HideSolutionNode = FALSE
	EndGlobalSection
	GlobalSection(ExtensibilityGlobals) = postSolution
		SolutionGuid = {C8B2D4C3-8893-40B1-9978-ADC28B0174E5}
	EndGlobalSection
EndGlobal
